// !$*UTF8*$!
{
	archiveVersion = 1;
	classes = {
	};
	objectVersion = 77;
	objects = {

/* Begin PBXContainerItemProxy section */
		CC7BCBAF2E054CEA0027FD3A /* PBXContainerItemProxy */ = {
			isa = PBXContainerItemProxy;
			containerPortal = CC7BCB962E054CE70027FD3A /* Project object */;
			proxyType = 1;
			remoteGlobalIDString = CC7BCB9D2E054CE70027FD3A;
			remoteInfo = StopDist;
		};
		CC7BCBB92E054CEA0027FD3A /* PBXContainerItemProxy */ = {
			isa = PBXContainerItemProxy;
			containerPortal = CC7BCB962E054CE70027FD3A /* Project object */;
			proxyType = 1;
			remoteGlobalIDString = CC7BCB9D2E054CE70027FD3A;
			remoteInfo = StopDist;
		};
/* End PBXContainerItemProxy section */

/* Begin PBXFileReference section */
		CC7BCB9E2E054CE70027FD3A /* StopDist.app */ = {isa = PBXFileReference; explicitFileType = wrapper.application; includeInIndex = 0; path = StopDist.app; sourceTree = BUILT_PRODUCTS_DIR; };
		CC7BCBAE2E054CEA0027FD3A /* StopDistTests.xctest */ = {isa = PBXFileReference; explicitFileType = wrapper.cfbundle; includeInIndex = 0; path = StopDistTests.xctest; sourceTree = BUILT_PRODUCTS_DIR; };
		CC7BCBB82E054CEA0027FD3A /* StopDistUITests.xctest */ = {isa = PBXFileReference; explicitFileType = wrapper.cfbundle; includeInIndex = 0; path = StopDistUITests.xctest; sourceTree = BUILT_PRODUCTS_DIR; };
/* End PBXFileReference section */

/* Begin PBXFileSystemSynchronizedBuildFileExceptionSet section */
		CC7BCBD52E055B550027FD3A /* Exceptions for "StopDist" folder in "StopDistTests" target */ = {
			isa = PBXFileSystemSynchronizedBuildFileExceptionSet;
			membershipExceptions = (
				kub.ttf,
			);
			target = CC7BCBAD2E054CEA0027FD3A /* StopDistTests */;
		};
		CC7BCBD62E055B550027FD3A /* Exceptions for "StopDist" folder in "StopDistUITests" target */ = {
			isa = PBXFileSystemSynchronizedBuildFileExceptionSet;
			membershipExceptions = (
				kub.ttf,
			);
			target = CC7BCBB72E054CEA0027FD3A /* StopDistUITests */;
		};
		CC7BCBD82E055B7D0027FD3A /* Exceptions for "StopDist" folder in "StopDist" target */ = {
			isa = PBXFileSystemSynchronizedBuildFileExceptionSet;
			membershipExceptions = (
				Info.plist,
			);
			target = CC7BCB9D2E054CE70027FD3A /* StopDist */;
		};
/* End PBXFileSystemSynchronizedBuildFileExceptionSet section */

/* Begin PBXFileSystemSynchronizedRootGroup section */
		CC7BCBA02E054CE70027FD3A /* StopDist */ = {
			isa = PBXFileSystemSynchronizedRootGroup;
			exceptions = (
				CC7BCBD82E055B7D0027FD3A /* Exceptions for "StopDist" folder in "StopDist" target */,
				CC7BCBD52E055B550027FD3A /* Exceptions for "StopDist" folder in "StopDistTests" target */,
				CC7BCBD62E055B550027FD3A /* Exceptions for "StopDist" folder in "StopDistUITests" target */,
			);
			path = StopDist;
			sourceTree = "<group>";
		};
		CC7BCBB12E054CEA0027FD3A /* StopDistTests */ = {
			isa = PBXFileSystemSynchronizedRootGroup;
			path = StopDistTests;
			sourceTree = "<group>";
		};
		CC7BCBBB2E054CEA0027FD3A /* StopDistUITests */ = {
			isa = PBXFileSystemSynchronizedRootGroup;
			path = StopDistUITests;
			sourceTree = "<group>";
		};
/* End PBXFileSystemSynchronizedRootGroup section */

/* Begin PBXFrameworksBuildPhase section */
		CC7BCB9B2E054CE70027FD3A /* Frameworks */ = {
			isa = PBXFrameworksBuildPhase;
			buildActionMask = 2147483647;
			files = (
			);
			runOnlyForDeploymentPostprocessing = 0;
		};
		CC7BCBAB2E054CEA0027FD3A /* Frameworks */ = {
			isa = PBXFrameworksBuildPhase;
			buildActionMask = 2147483647;
			files = (
			);
			runOnlyForDeploymentPostprocessing = 0;
		};
		CC7BCBB52E054CEA0027FD3A /* Frameworks */ = {
			isa = PBXFrameworksBuildPhase;
			buildActionMask = 2147483647;
			files = (
			);
			runOnlyForDeploymentPostprocessing = 0;
		};
/* End PBXFrameworksBuildPhase section */

/* Begin PBXGroup section */
		CC7BCB952E054CE70027FD3A = {
			isa = PBXGroup;
			children = (
				CC7BCBA02E054CE70027FD3A /* StopDist */,
				CC7BCBB12E054CEA0027FD3A /* StopDistTests */,
				CC7BCBBB2E054CEA0027FD3A /* StopDistUITests */,
				CC7BCB9F2E054CE70027FD3A /* Products */,
			);
			sourceTree = "<group>";
		};
		CC7BCB9F2E054CE70027FD3A /* Products */ = {
			isa = PBXGroup;
			children = (
				CC7BCB9E2E054CE70027FD3A /* StopDist.app */,
				CC7BCBAE2E054CEA0027FD3A /* StopDistTests.xctest */,
				CC7BCBB82E054CEA0027FD3A /* StopDistUITests.xctest */,
			);
			name = Products;
			sourceTree = "<group>";
		};
/* End PBXGroup section */

/* Begin PBXNativeTarget section */
		CC7BCB9D2E054CE70027FD3A /* StopDist */ = {
			isa = PBXNativeTarget;
			buildConfigurationList = CC7BCBC22E054CEA0027FD3A /* Build configuration list for PBXNativeTarget "StopDist" */;
			buildPhases = (
				CC7BCB9A2E054CE70027FD3A /* Sources */,
				CC7BCB9B2E054CE70027FD3A /* Frameworks */,
				CC7BCB9C2E054CE70027FD3A /* Resources */,
			);
			buildRules = (
			);
			dependencies = (
			);
			fileSystemSynchronizedGroups = (
				CC7BCBA02E054CE70027FD3A /* StopDist */,
			);
			name = StopDist;
			packageProductDependencies = (
			);
			productName = StopDist;
			productReference = CC7BCB9E2E054CE70027FD3A /* StopDist.app */;
			productType = "com.apple.product-type.application";
		};
		CC7BCBAD2E054CEA0027FD3A /* StopDistTests */ = {
			isa = PBXNativeTarget;
			buildConfigurationList = CC7BCBC52E054CEA0027FD3A /* Build configuration list for PBXNativeTarget "StopDistTests" */;
			buildPhases = (
				CC7BCBAA2E054CEA0027FD3A /* Sources */,
				CC7BCBAB2E054CEA0027FD3A /* Frameworks */,
				CC7BCBAC2E054CEA0027FD3A /* Resources */,
			);
			buildRules = (
			);
			dependencies = (
				CC7BCBB02E054CEA0027FD3A /* PBXTargetDependency */,
			);
			fileSystemSynchronizedGroups = (
				CC7BCBB12E054CEA0027FD3A /* StopDistTests */,
			);
			name = StopDistTests;
			packageProductDependencies = (
			);
			productName = StopDistTests;
			productReference = CC7BCBAE2E054CEA0027FD3A /* StopDistTests.xctest */;
			productType = "com.apple.product-type.bundle.unit-test";
		};
		CC7BCBB72E054CEA0027FD3A /* StopDistUITests */ = {
			isa = PBXNativeTarget;
			buildConfigurationList = CC7BCBC82E054CEA0027FD3A /* Build configuration list for PBXNativeTarget "StopDistUITests" */;
			buildPhases = (
				CC7BCBB42E054CEA0027FD3A /* Sources */,
				CC7BCBB52E054CEA0027FD3A /* Frameworks */,
				CC7BCBB62E054CEA0027FD3A /* Resources */,
			);
			buildRules = (
			);
			dependencies = (
				CC7BCBBA2E054CEA0027FD3A /* PBXTargetDependency */,
			);
			fileSystemSynchronizedGroups = (
				CC7BCBBB2E054CEA0027FD3A /* StopDistUITests */,
			);
			name = StopDistUITests;
			packageProductDependencies = (
			);
			productName = StopDistUITests;
			productReference = CC7BCBB82E054CEA0027FD3A /* StopDistUITests.xctest */;
			productType = "com.apple.product-type.bundle.ui-testing";
		};
/* End PBXNativeTarget section */

/* Begin PBXProject section */
		CC7BCB962E054CE70027FD3A /* Project object */ = {
			isa = PBXProject;
			attributes = {
				BuildIndependentTargetsInParallel = 1;
				LastSwiftUpdateCheck = 1600;
				LastUpgradeCheck = 1600;
				TargetAttributes = {
					CC7BCB9D2E054CE70027FD3A = {
						CreatedOnToolsVersion = 16.0;
					};
					CC7BCBAD2E054CEA0027FD3A = {
						CreatedOnToolsVersion = 16.0;
						TestTargetID = CC7BCB9D2E054CE70027FD3A;
					};
					CC7BCBB72E054CEA0027FD3A = {
						CreatedOnToolsVersion = 16.0;
						TestTargetID = CC7BCB9D2E054CE70027FD3A;
					};
				};
			};
			buildConfigurationList = CC7BCB992E054CE70027FD3A /* Build configuration list for PBXProject "StopDist" */;
			developmentRegion = en;
			hasScannedForEncodings = 0;
			knownRegions = (
				en,
				Base,
			);
			mainGroup = CC7BCB952E054CE70027FD3A;
			minimizedProjectReferenceProxies = 1;
			preferredProjectObjectVersion = 77;
			productRefGroup = CC7BCB9F2E054CE70027FD3A /* Products */;
			projectDirPath = "";
			projectRoot = "";
			targets = (
				CC7BCB9D2E054CE70027FD3A /* StopDist */,
				CC7BCBAD2E054CEA0027FD3A /* StopDistTests */,
				CC7BCBB72E054CEA0027FD3A /* StopDistUITests */,
			);
		};
/* End PBXProject section */

/* Begin PBXResourcesBuildPhase section */
		CC7BCB9C2E054CE70027FD3A /* Resources */ = {
			isa = PBXResourcesBuildPhase;
			buildActionMask = 2147483647;
			files = (
			);
			runOnlyForDeploymentPostprocessing = 0;
		};
		CC7BCBAC2E054CEA0027FD3A /* Resources */ = {
			isa = PBXResourcesBuildPhase;
			buildActionMask = 2147483647;
			files = (
			);
			runOnlyForDeploymentPostprocessing = 0;
		};
		CC7BCBB62E054CEA0027FD3A /* Resources */ = {
			isa = PBXResourcesBuildPhase;
			buildActionMask = 2147483647;
			files = (
			);
			runOnlyForDeploymentPostprocessing = 0;
		};
/* End PBXResourcesBuildPhase section */

/* Begin PBXSourcesBuildPhase section */
		CC7BCB9A2E054CE70027FD3A /* Sources */ = {
			isa = PBXSourcesBuildPhase;
			buildActionMask = 2147483647;
			files = (
			);
			runOnlyForDeploymentPostprocessing = 0;
		};
		CC7BCBAA2E054CEA0027FD3A /* Sources */ = {
			isa = PBXSourcesBuildPhase;
			buildActionMask = 2147483647;
			files = (
			);
			runOnlyForDeploymentPostprocessing = 0;
		};
		CC7BCBB42E054CEA0027FD3A /* Sources */ = {
			isa = PBXSourcesBuildPhase;
			buildActionMask = 2147483647;
			files = (
			);
			runOnlyForDeploymentPostprocessing = 0;
		};
/* End PBXSourcesBuildPhase section */

/* Begin PBXTargetDependency section */
		CC7BCBB02E054CEA0027FD3A /* PBXTargetDependency */ = {
			isa = PBXTargetDependency;
			target = CC7BCB9D2E054CE70027FD3A /* StopDist */;
			targetProxy = CC7BCBAF2E054CEA0027FD3A /* PBXContainerItemProxy */;
		};
		CC7BCBBA2E054CEA0027FD3A /* PBXTargetDependency */ = {
			isa = PBXTargetDependency;
			target = CC7BCB9D2E054CE70027FD3A /* StopDist */;
			targetProxy = CC7BCBB92E054CEA0027FD3A /* PBXContainerItemProxy */;
		};
/* End PBXTargetDependency section */

/* Begin XCBuildConfiguration section */
		CC7BCBC02E054CEA0027FD3A /* Debug */ = {
			isa = XCBuildConfiguration;
			buildSettings = {
				ALWAYS_SEARCH_USER_PATHS = NO;
				ASSETCATALOG_COMPILER_GENERATE_SWIFT_ASSET_SYMBOL_EXTENSIONS = YES;
				CLANG_ANALYZER_NONNULL = YES;
				CLANG_ANALYZER_NUMBER_OBJECT_CONVERSION = YES_AGGRESSIVE;
				CLANG_CXX_LANGUAGE_STANDARD = "gnu++20";
				CLANG_ENABLE_MODULES = YES;
				CLANG_ENABLE_OBJC_ARC = YES;
				CLANG_ENABLE_OBJC_WEAK = YES;
				CLANG_WARN_BLOCK_CAPTURE_AUTORELEASING = YES;
				CLANG_WARN_BOOL_CONVERSION = YES;
				CLANG_WARN_COMMA = YES;
				CLANG_WARN_CONSTANT_CONVERSION = YES;
				CLANG_WARN_DEPRECATED_OBJC_IMPLEMENTATIONS = YES;
				CLANG_WARN_DIRECT_OBJC_ISA_USAGE = YES_ERROR;
				CLANG_WARN_DOCUMENTATION_COMMENTS = YES;
				CLANG_WARN_EMPTY_BODY = YES;
				CLANG_WARN_ENUM_CONVERSION = YES;
				CLANG_WARN_INFINITE_RECURSION = YES;
				CLANG_WARN_INT_CONVERSION = YES;
				CLANG_WARN_NON_LITERAL_NULL_CONVERSION = YES;
				CLANG_WARN_OBJC_IMPLICIT_RETAIN_SELF = YES;
				CLANG_WARN_OBJC_LITERAL_CONVERSION = YES;
				CLANG_WARN_OBJC_ROOT_CLASS = YES_ERROR;
				CLANG_WARN_QUOTED_INCLUDE_IN_FRAMEWORK_HEADER = YES;
				CLANG_WARN_RANGE_LOOP_ANALYSIS = YES;
				CLANG_WARN_STRICT_PROTOTYPES = YES;
				CLANG_WARN_SUSPICIOUS_MOVE = YES;
				CLANG_WARN_UNGUARDED_AVAILABILITY = YES_AGGRESSIVE;
				CLANG_WARN_UNREACHABLE_CODE = YES;
				CLANG_WARN__DUPLICATE_METHOD_MATCH = YES;
				COPY_PHASE_STRIP = NO;
				DEBUG_INFORMATION_FORMAT = dwarf;
				ENABLE_STRICT_OBJC_MSGSEND = YES;
				ENABLE_TESTABILITY = YES;
				ENABLE_USER_SCRIPT_SANDBOXING = YES;
				GCC_C_LANGUAGE_STANDARD = gnu17;
				GCC_DYNAMIC_NO_PIC = NO;
				GCC_NO_COMMON_BLOCKS = YES;
				GCC_OPTIMIZATION_LEVEL = 0;
				GCC_PREPROCESSOR_DEFINITIONS = (
					"DEBUG=1",
					"$(inherited)",
				);
				GCC_WARN_64_TO_32_BIT_CONVERSION = YES;
				GCC_WARN_ABOUT_RETURN_TYPE = YES_ERROR;
				GCC_WARN_UNDECLARED_SELECTOR = YES;
				GCC_WARN_UNINITIALIZED_AUTOS = YES_AGGRESSIVE;
				GCC_WARN_UNUSED_FUNCTION = YES;
				GCC_WARN_UNUSED_VARIABLE = YES;
				IPHONEOS_DEPLOYMENT_TARGET = 18.0;
				LOCALIZATION_PREFERS_STRING_CATALOGS = YES;
				MTL_ENABLE_DEBUG_INFO = INCLUDE_SOURCE;
				MTL_FAST_MATH = YES;
				ONLY_ACTIVE_ARCH = YES;
				SDKROOT = iphoneos;
				SWIFT_ACTIVE_COMPILATION_CONDITIONS = "DEBUG $(inherited)";
				SWIFT_OPTIMIZATION_LEVEL = "-Onone";
			};
			name = Debug;
		};
		CC7BCBC12E054CEA0027FD3A /* Release */ = {
			isa = XCBuildConfiguration;
			buildSettings = {
				ALWAYS_SEARCH_USER_PATHS = NO;
				ASSETCATALOG_COMPILER_GENERATE_SWIFT_ASSET_SYMBOL_EXTENSIONS = YES;
				CLANG_ANALYZER_NONNULL = YES;
				CLANG_ANALYZER_NUMBER_OBJECT_CONVERSION = YES_AGGRESSIVE;
				CLANG_CXX_LANGUAGE_STANDARD = "gnu++20";
				CLANG_ENABLE_MODULES = YES;
				CLANG_ENABLE_OBJC_ARC = YES;
				CLANG_ENABLE_OBJC_WEAK = YES;
				CLANG_WARN_BLOCK_CAPTURE_AUTORELEASING = YES;
				CLANG_WARN_BOOL_CONVERSION = YES;
				CLANG_WARN_COMMA = YES;
				CLANG_WARN_CONSTANT_CONVERSION = YES;
				CLANG_WARN_DEPRECATED_OBJC_IMPLEMENTATIONS = YES;
				CLANG_WARN_DIRECT_OBJC_ISA_USAGE = YES_ERROR;
				CLANG_WARN_DOCUMENTATION_COMMENTS = YES;
				CLANG_WARN_EMPTY_BODY = YES;
				CLANG_WARN_ENUM_CONVERSION = YES;
				CLANG_WARN_INFINITE_RECURSION = YES;
				CLANG_WARN_INT_CONVERSION = YES;
				CLANG_WARN_NON_LITERAL_NULL_CONVERSION = YES;
				CLANG_WARN_OBJC_IMPLICIT_RETAIN_SELF = YES;
				CLANG_WARN_OBJC_LITERAL_CONVERSION = YES;
				CLANG_WARN_OBJC_ROOT_CLASS = YES_ERROR;
				CLANG_WARN_QUOTED_INCLUDE_IN_FRAMEWORK_HEADER = YES;
				CLANG_WARN_RANGE_LOOP_ANALYSIS = YES;
				CLANG_WARN_STRICT_PROTOTYPES = YES;
				CLANG_WARN_SUSPICIOUS_MOVE = YES;
				CLANG_WARN_UNGUARDED_AVAILABILITY = YES_AGGRESSIVE;
				CLANG_WARN_UNREACHABLE_CODE = YES;
				CLANG_WARN__DUPLICATE_METHOD_MATCH = YES;
				COPY_PHASE_STRIP = NO;
				DEBUG_INFORMATION_FORMAT = "dwarf-with-dsym";
				ENABLE_NS_ASSERTIONS = NO;
				ENABLE_STRICT_OBJC_MSGSEND = YES;
				ENABLE_USER_SCRIPT_SANDBOXING = YES;
				GCC_C_LANGUAGE_STANDARD = gnu17;
				GCC_NO_COMMON_BLOCKS = YES;
				GCC_WARN_64_TO_32_BIT_CONVERSION = YES;
				GCC_WARN_ABOUT_RETURN_TYPE = YES_ERROR;
				GCC_WARN_UNDECLARED_SELECTOR = YES;
				GCC_WARN_UNINITIALIZED_AUTOS = YES_AGGRESSIVE;
				GCC_WARN_UNUSED_FUNCTION = YES;
				GCC_WARN_UNUSED_VARIABLE = YES;
				IPHONEOS_DEPLOYMENT_TARGET = 18.0;
				LOCALIZATION_PREFERS_STRING_CATALOGS = YES;
				MTL_ENABLE_DEBUG_INFO = NO;
				MTL_FAST_MATH = YES;
				SDKROOT = iphoneos;
				SWIFT_COMPILATION_MODE = wholemodule;
				VALIDATE_PRODUCT = YES;
			};
			name = Release;
		};
		CC7BCBC32E054CEA0027FD3A /* Debug */ = {
			isa = XCBuildConfiguration;
			buildSettings = {
				ASSETCATALOG_COMPILER_APPICON_NAME = AppIcon;
				ASSETCATALOG_COMPILER_GLOBAL_ACCENT_COLOR_NAME = AccentColor;
				CODE_SIGN_STYLE = Automatic;
				CURRENT_PROJECT_VERSION = 1;
				DEVELOPMENT_ASSET_PATHS = "\"StopDist/Preview Content\"";
				ENABLE_PREVIEWS = YES;
				GENERATE_INFOPLIST_FILE = YES;
				INFOPLIST_FILE = StopDist/Info.plist;
				INFOPLIST_KEY_UIApplicationSceneManifest_Generation = YES;
				INFOPLIST_KEY_UIApplicationSupportsIndirectInputEvents = YES;
				INFOPLIST_KEY_UILaunchScreen_Generation = YES;
				INFOPLIST_KEY_UISupportedInterfaceOrientations_iPad = "UIInterfaceOrientationPortrait UIInterfaceOrientationPortraitUpsideDown UIInterfaceOrientationLandscapeLeft UIInterfaceOrientationLandscapeRight";
				INFOPLIST_KEY_UISupportedInterfaceOrientations_iPhone = "UIInterfaceOrientationPortrait UIInterfaceOrientationLandscapeLeft UIInterfaceOrientationLandscapeRight";
				LD_RUNPATH_SEARCH_PATHS = (
					"$(inherited)",
					"@executable_path/Frameworks",
				);
				MARKETING_VERSION = 1.0;
				PRODUCT_BUNDLE_IDENTIFIER = "press-f.StopDist";
				PRODUCT_NAME = "$(TARGET_NAME)";
				SWIFT_EMIT_LOC_STRINGS = YES;
				SWIFT_VERSION = 5.0;
				TARGETED_DEVICE_FAMILY = "1,2";
			};
			name = Debug;
		};
		CC7BCBC42E054CEA0027FD3A /* Release */ = {
			isa = XCBuildConfiguration;
			buildSettings = {
				ASSETCATALOG_COMPILER_APPICON_NAME = AppIcon;
				ASSETCATALOG_COMPILER_GLOBAL_ACCENT_COLOR_NAME = AccentColor;
				CODE_SIGN_STYLE = Automatic;
				CURRENT_PROJECT_VERSION = 1;
				DEVELOPMENT_ASSET_PATHS = "\"StopDist/Preview Content\"";
				ENABLE_PREVIEWS = YES;
				GENERATE_INFOPLIST_FILE = YES;
				INFOPLIST_FILE = StopDist/Info.plist;
				INFOPLIST_KEY_UIApplicationSceneManifest_Generation = YES;
				INFOPLIST_KEY_UIApplicationSupportsIndirectInputEvents = YES;
				INFOPLIST_KEY_UILaunchScreen_Generation = YES;
				INFOPLIST_KEY_UISupportedInterfaceOrientations_iPad = "UIInterfaceOrientationPortrait UIInterfaceOrientationPortraitUpsideDown UIInterfaceOrientationLandscapeLeft UIInterfaceOrientationLandscapeRight";
				INFOPLIST_KEY_UISupportedInterfaceOrientations_iPhone = "UIInterfaceOrientationPortrait UIInterfaceOrientationLandscapeLeft UIInterfaceOrientationLandscapeRight";
				LD_RUNPATH_SEARCH_PATHS = (
					"$(inherited)",
					"@executable_path/Frameworks",
				);
				MARKETING_VERSION = 1.0;
				PRODUCT_BUNDLE_IDENTIFIER = "press-f.StopDist";
				PRODUCT_NAME = "$(TARGET_NAME)";
				SWIFT_EMIT_LOC_STRINGS = YES;
				SWIFT_VERSION = 5.0;
				TARGETED_DEVICE_FAMILY = "1,2";
			};
			name = Release;
		};
		CC7BCBC62E054CEA0027FD3A /* Debug */ = {
			isa = XCBuildConfiguration;
			buildSettings = {
				BUNDLE_LOADER = "$(TEST_HOST)";
				CODE_SIGN_STYLE = Automatic;
				CURRENT_PROJECT_VERSION = 1;
				GENERATE_INFOPLIST_FILE = YES;
				IPHONEOS_DEPLOYMENT_TARGET = 18.0;
				MARKETING_VERSION = 1.0;
				PRODUCT_BUNDLE_IDENTIFIER = "press-f.StopDistTests";
				PRODUCT_NAME = "$(TARGET_NAME)";
				SWIFT_EMIT_LOC_STRINGS = NO;
				SWIFT_VERSION = 5.0;
				TARGETED_DEVICE_FAMILY = "1,2";
				TEST_HOST = "$(BUILT_PRODUCTS_DIR)/StopDist.app/$(BUNDLE_EXECUTABLE_FOLDER_PATH)/StopDist";
			};
			name = Debug;
		};
		CC7BCBC72E054CEA0027FD3A /* Release */ = {
			isa = XCBuildConfiguration;
			buildSettings = {
				BUNDLE_LOADER = "$(TEST_HOST)";
				CODE_SIGN_STYLE = Automatic;
				CURRENT_PROJECT_VERSION = 1;
				GENERATE_INFOPLIST_FILE = YES;
				IPHONEOS_DEPLOYMENT_TARGET = 18.0;
				MARKETING_VERSION = 1.0;
				PRODUCT_BUNDLE_IDENTIFIER = "press-f.StopDistTests";
				PRODUCT_NAME = "$(TARGET_NAME)";
				SWIFT_EMIT_LOC_STRINGS = NO;
				SWIFT_VERSION = 5.0;
				TARGETED_DEVICE_FAMILY = "1,2";
				TEST_HOST = "$(BUILT_PRODUCTS_DIR)/StopDist.app/$(BUNDLE_EXECUTABLE_FOLDER_PATH)/StopDist";
			};
			name = Release;
		};
		CC7BCBC92E054CEA0027FD3A /* Debug */ = {
			isa = XCBuildConfiguration;
			buildSettings = {
				CODE_SIGN_STYLE = Automatic;
				CURRENT_PROJECT_VERSION = 1;
				GENERATE_INFOPLIST_FILE = YES;
				MARKETING_VERSION = 1.0;
				PRODUCT_BUNDLE_IDENTIFIER = "press-f.StopDistUITests";
				PRODUCT_NAME = "$(TARGET_NAME)";
				SWIFT_EMIT_LOC_STRINGS = NO;
				SWIFT_VERSION = 5.0;
				TARGETED_DEVICE_FAMILY = "1,2";
				TEST_TARGET_NAME = StopDist;
			};
			name = Debug;
		};
		CC7BCBCA2E054CEA0027FD3A /* Release */ = {
			isa = XCBuildConfiguration;
			buildSettings = {
				CODE_SIGN_STYLE = Automatic;
				CURRENT_PROJECT_VERSION = 1;
				GENERATE_INFOPLIST_FILE = YES;
				MARKETING_VERSION = 1.0;
				PRODUCT_BUNDLE_IDENTIFIER = "press-f.StopDistUITests";
				PRODUCT_NAME = "$(TARGET_NAME)";
				SWIFT_EMIT_LOC_STRINGS = NO;
				SWIFT_VERSION = 5.0;
				TARGETED_DEVICE_FAMILY = "1,2";
				TEST_TARGET_NAME = StopDist;
			};
			name = Release;
		};
/* End XCBuildConfiguration section */

/* Begin XCConfigurationList section */
		CC7BCB992E054CE70027FD3A /* Build configuration list for PBXProject "StopDist" */ = {
			isa = XCConfigurationList;
			buildConfigurations = (
				CC7BCBC02E054CEA0027FD3A /* Debug */,
				CC7BCBC12E054CEA0027FD3A /* Release */,
			);
			defaultConfigurationIsVisible = 0;
			defaultConfigurationName = Release;
		};
		CC7BCBC22E054CEA0027FD3A /* Build configuration list for PBXNativeTarget "StopDist" */ = {
			isa = XCConfigurationList;
			buildConfigurations = (
				CC7BCBC32E054CEA0027FD3A /* Debug */,
				CC7BCBC42E054CEA0027FD3A /* Release */,
			);
			defaultConfigurationIsVisible = 0;
			defaultConfigurationName = Release;
		};
		CC7BCBC52E054CEA0027FD3A /* Build configuration list for PBXNativeTarget "StopDistTests" */ = {
			isa = XCConfigurationList;
			buildConfigurations = (
				CC7BCBC62E054CEA0027FD3A /* Debug */,
				CC7BCBC72E054CEA0027FD3A /* Release */,
			);
			defaultConfigurationIsVisible = 0;
			defaultConfigurationName = Release;
		};
		CC7BCBC82E054CEA0027FD3A /* Build configuration list for PBXNativeTarget "StopDistUITests" */ = {
			isa = XCConfigurationList;
			buildConfigurations = (
				CC7BCBC92E054CEA0027FD3A /* Debug */,
				CC7BCBCA2E054CEA0027FD3A /* Release */,
			);
			defaultConfigurationIsVisible = 0;
			defaultConfigurationName = Release;
		};
/* End XCConfigurationList section */
	};
	rootObject = CC7BCB962E054CE70027FD3A /* Project object */;
}
